// !$*UTF8*$!
{
	archiveVersion = 1;
	classes = {
	};
	objectVersion = 77;
	objects = {

/* Begin PBXBuildFile section */
		14447DCCD862C5719B45B459 /* PhotoSaver.swift in Sources */ = {isa = PBXBuildFile; fileRef = E7EE27055BE031D912F2BF14 /* PhotoSaver.swift */; };
		340F20FD8559A15EF5B9D375 /* CameraService.swift in Sources */ = {isa = PBXBuildFile; fileRef = FF24F1252F1ED59AE261C88E /* CameraService.swift */; };
		46A56FA57A1D4660E7F92C3D /* Chimes.swift in Sources */ = {isa = PBXBuildFile; fileRef = 3DF4B2A4367602E5A3414029 /* Chimes.swift */; };
		5324380DCBDA0F74EE9CC76B /* PeekabooApp.swift in Sources */ = {isa = PBXBuildFile; fileRef = 0532F7793D23B05C4897550E /* PeekabooApp.swift */; };
		60894191D0C10D1E4A370536 /* CameraPreview.swift in Sources */ = {isa = PBXBuildFile; fileRef = CBC0BCD06157A43774E7E9CA /* CameraPreview.swift */; };
		79DB043B83EAC9AC2E16DB5E /* SimulatedKid.swift in Sources */ = {isa = PBXBuildFile; fileRef = 9F3D367745226B24EBA7D646 /* SimulatedKid.swift */; };
		7EF8EA9EFB8D7277BB354B74 /* DuoSupport.swift in Sources */ = {isa = PBXBuildFile; fileRef = 3D14CF591A5B223495D52AAE /* DuoSupport.swift */; };
		8F788813929C631F193FB05A /* AttractorView.swift in Sources */ = {isa = PBXBuildFile; fileRef = 0656AD993BABF05FB68ADCAC /* AttractorView.swift */; };
		AF56A8E1EC3DFF52CBDFF380 /* PeekabooModel.swift in Sources */ = {isa = PBXBuildFile; fileRef = 9A20512C22B99DB2E5DE2415 /* PeekabooModel.swift */; };
		D0240385E300459D43B9E207 /* ContentView.swift in Sources */ = {isa = PBXBuildFile; fileRef = 59E4CD4F5FF2E5465AE302CD /* ContentView.swift */; };
/* End PBXBuildFile section */

/* Begin PBXFileReference section */
		0532F7793D23B05C4897550E /* PeekabooApp.swift */ = {isa = PBXFileReference; lastKnownFileType = sourcecode.swift; path = PeekabooApp.swift; sourceTree = "<group>"; };
		0656AD993BABF05FB68ADCAC /* AttractorView.swift */ = {isa = PBXFileReference; lastKnownFileType = sourcecode.swift; path = AttractorView.swift; sourceTree = "<group>"; };
		0790D6AB3EE298EBD0007D7C /* Peekaboo.app */ = {isa = PBXFileReference; includeInIndex = 0; lastKnownFileType = wrapper.application; path = Peekaboo.app; sourceTree = BUILT_PRODUCTS_DIR; };
		3D14CF591A5B223495D52AAE /* DuoSupport.swift */ = {isa = PBXFileReference; lastKnownFileType = sourcecode.swift; path = DuoSupport.swift; sourceTree = "<group>"; };
		3DF4B2A4367602E5A3414029 /* Chimes.swift */ = {isa = PBXFileReference; lastKnownFileType = sourcecode.swift; path = Chimes.swift; sourceTree = "<group>"; };
		59E4CD4F5FF2E5465AE302CD /* ContentView.swift */ = {isa = PBXFileReference; lastKnownFileType = sourcecode.swift; path = ContentView.swift; sourceTree = "<group>"; };
		95103C0496105C4CAB5431DF /* Info.plist */ = {isa = PBXFileReference; lastKnownFileType = text.plist; path = Info.plist; sourceTree = "<group>"; };
		9A20512C22B99DB2E5DE2415 /* PeekabooModel.swift */ = {isa = PBXFileReference; lastKnownFileType = sourcecode.swift; path = PeekabooModel.swift; sourceTree = "<group>"; };
		9F3D367745226B24EBA7D646 /* SimulatedKid.swift */ = {isa = PBXFileReference; lastKnownFileType = sourcecode.swift; path = SimulatedKid.swift; sourceTree = "<group>"; };
		CBC0BCD06157A43774E7E9CA /* CameraPreview.swift */ = {isa = PBXFileReference; lastKnownFileType = sourcecode.swift; path = CameraPreview.swift; sourceTree = "<group>"; };
		E7EE27055BE031D912F2BF14 /* PhotoSaver.swift */ = {isa = PBXFileReference; lastKnownFileType = sourcecode.swift; path = PhotoSaver.swift; sourceTree = "<group>"; };
		FF24F1252F1ED59AE261C88E /* CameraService.swift */ = {isa = PBXFileReference; lastKnownFileType = sourcecode.swift; path = CameraService.swift; sourceTree = "<group>"; };
/* End PBXFileReference section */

/* Begin PBXGroup section */
		42B9433188B09B60F3836341 /* Peekaboo */ = {
			isa = PBXGroup;
			children = (
				0656AD993BABF05FB68ADCAC /* AttractorView.swift */,
				CBC0BCD06157A43774E7E9CA /* CameraPreview.swift */,
				FF24F1252F1ED59AE261C88E /* CameraService.swift */,
				3DF4B2A4367602E5A3414029 /* Chimes.swift */,
				59E4CD4F5FF2E5465AE302CD /* ContentView.swift */,
				3D14CF591A5B223495D52AAE /* DuoSupport.swift */,
				95103C0496105C4CAB5431DF /* Info.plist */,
				0532F7793D23B05C4897550E /* PeekabooApp.swift */,
				9A20512C22B99DB2E5DE2415 /* PeekabooModel.swift */,
				E7EE27055BE031D912F2BF14 /* PhotoSaver.swift */,
				9F3D367745226B24EBA7D646 /* SimulatedKid.swift */,
			);
			path = Peekaboo;
			sourceTree = "<group>";
		};
		4B227F8DA95E4BCE0CA7AA99 = {
			isa = PBXGroup;
			children = (
				42B9433188B09B60F3836341 /* Peekaboo */,
				9EBD60445B50B08318AEA1CE /* Products */,
			);
			sourceTree = "<group>";
		};
		9EBD60445B50B08318AEA1CE /* Products */ = {
			isa = PBXGroup;
			children = (
				0790D6AB3EE298EBD0007D7C /* Peekaboo.app */,
			);
			name = Products;
			sourceTree = "<group>";
		};
/* End PBXGroup section */

/* Begin PBXNativeTarget section */
		7D2325BCDD81E3DAD24610EA /* Peekaboo */ = {
			isa = PBXNativeTarget;
			buildConfigurationList = 52CB82A43147202FC49EEDCD /* Build configuration list for PBXNativeTarget "Peekaboo" */;
			buildPhases = (
				DA3EA19755F22F8C3671F565 /* Sources */,
			);
			buildRules = (
			);
			dependencies = (
			);
			name = Peekaboo;
			packageProductDependencies = (
			);
			productName = Peekaboo;
			productReference = 0790D6AB3EE298EBD0007D7C /* Peekaboo.app */;
			productType = "com.apple.product-type.application";
		};
/* End PBXNativeTarget section */

/* Begin PBXProject section */
		842B28DE37D568A59B1D7FDE /* Project object */ = {
			isa = PBXProject;
			attributes = {
				BuildIndependentTargetsInParallel = YES;
				LastUpgradeCheck = 1430;
				TargetAttributes = {
					7D2325BCDD81E3DAD24610EA = {
						DevelopmentTeam = "";
						ProvisioningStyle = Automatic;
					};
				};
			};
			buildConfigurationList = 5BE5922E080E38F5CE7D8728 /* Build configuration list for PBXProject "Peekaboo" */;
			developmentRegion = en;
			hasScannedForEncodings = 0;
			knownRegions = (
				Base,
				en,
			);
			mainGroup = 4B227F8DA95E4BCE0CA7AA99;
			minimizedProjectReferenceProxies = 1;
			preferredProjectObjectVersion = 77;
			productRefGroup = 9EBD60445B50B08318AEA1CE /* Products */;
			projectDirPath = "";
			projectRoot = "";
			targets = (
				7D2325BCDD81E3DAD24610EA /* Peekaboo */,
			);
		};
/* End PBXProject section */

/* Begin PBXSourcesBuildPhase section */
		DA3EA19755F22F8C3671F565 /* Sources */ = {
			isa = PBXSourcesBuildPhase;
			buildActionMask = 2147483647;
			files = (
				8F788813929C631F193FB05A /* AttractorView.swift in Sources */,
				60894191D0C10D1E4A370536 /* CameraPreview.swift in Sources */,
				340F20FD8559A15EF5B9D375 /* CameraService.swift in Sources */,
				46A56FA57A1D4660E7F92C3D /* Chimes.swift in Sources */,
				D0240385E300459D43B9E207 /* ContentView.swift in Sources */,
				7EF8EA9EFB8D7277BB354B74 /* DuoSupport.swift in Sources */,
				5324380DCBDA0F74EE9CC76B /* PeekabooApp.swift in Sources */,
				AF56A8E1EC3DFF52CBDFF380 /* PeekabooModel.swift in Sources */,
				14447DCCD862C5719B45B459 /* PhotoSaver.swift in Sources */,
				79DB043B83EAC9AC2E16DB5E /* SimulatedKid.swift in Sources */,
			);
			runOnlyForDeploymentPostprocessing = 0;
		};
/* End PBXSourcesBuildPhase section */

/* Begin XCBuildConfiguration section */
		10B9E1AE2D2A9CCA117129CA /* Release */ = {
			isa = XCBuildConfiguration;
			buildSettings = {
				ASSETCATALOG_COMPILER_APPICON_NAME = AppIcon;
				CODE_SIGN_IDENTITY = "iPhone Developer";
				GENERATE_INFOPLIST_FILE = YES;
				INFOPLIST_FILE = Peekaboo/Info.plist;
				LD_RUNPATH_SEARCH_PATHS = (
					"$(inherited)",
					"@executable_path/Frameworks",
				);
				PRODUCT_BUNDLE_IDENTIFIER = com.techadnank9.peekaboo;
				SDKROOT = iphoneos;
				TARGETED_DEVICE_FAMILY = "1,2";
			};
			name = Release;
		};
		1C4758D12B36CF56D347210E /* Release */ = {
			isa = XCBuildConfiguration;
			buildSettings = {
				ALWAYS_SEARCH_USER_PATHS = NO;
				CLANG_ANALYZER_NONNULL = YES;
				CLANG_ANALYZER_NUMBER_OBJECT_CONVERSION = YES_AGGRESSIVE;
				CLANG_CXX_LANGUAGE_STANDARD = "gnu++14";
				CLANG_CXX_LIBRARY = "libc++";
				CLANG_ENABLE_MODULES = YES;
				CLANG_ENABLE_OBJC_ARC = YES;
				CLANG_ENABLE_OBJC_WEAK = YES;
				CLANG_WARN_BLOCK_CAPTURE_AUTORELEASING = YES;
				CLANG_WARN_BOOL_CONVERSION = YES;
				CLANG_WARN_COMMA = YES;
				CLANG_WARN_CONSTANT_CONVERSION = YES;
				CLANG_WARN_DEPRECATED_OBJC_IMPLEMENTATIONS = YES;
				CLANG_WARN_DIRECT_OBJC_ISA_USAGE = YES_ERROR;
				CLANG_WARN_DOCUMENTATION_COMMENTS = YES;
				CLANG_WARN_EMPTY_BODY = YES;
				CLANG_WARN_ENUM_CONVERSION = YES;
				CLANG_WARN_INFINITE_RECURSION = YES;
				CLANG_WARN_INT_CONVERSION = YES;
				CLANG_WARN_NON_LITERAL_NULL_CONVERSION = YES;
				CLANG_WARN_OBJC_IMPLICIT_RETAIN_SELF = YES;
				CLANG_WARN_OBJC_LITERAL_CONVERSION = YES;
				CLANG_WARN_OBJC_ROOT_CLASS = YES_ERROR;
				CLANG_WARN_QUOTED_INCLUDE_IN_FRAMEWORK_HEADER = YES;
				CLANG_WARN_RANGE_LOOP_ANALYSIS = YES;
				CLANG_WARN_STRICT_PROTOTYPES = YES;
				CLANG_WARN_SUSPICIOUS_MOVE = YES;
				CLANG_WARN_UNGUARDED_AVAILABILITY = YES_AGGRESSIVE;
				CLANG_WARN_UNREACHABLE_CODE = YES;
				CLANG_WARN__DUPLICATE_METHOD_MATCH = YES;
				CODE_SIGN_STYLE = Automatic;
				COPY_PHASE_STRIP = NO;
				DEBUG_INFORMATION_FORMAT = "dwarf-with-dsym";
				DEVELOPMENT_TEAM = "";
				ENABLE_NS_ASSERTIONS = NO;
				ENABLE_STRICT_OBJC_MSGSEND = YES;
				GCC_C_LANGUAGE_STANDARD = gnu11;
				GCC_NO_COMMON_BLOCKS = YES;
				GCC_WARN_64_TO_32_BIT_CONVERSION = YES;
				GCC_WARN_ABOUT_RETURN_TYPE = YES_ERROR;
				GCC_WARN_UNDECLARED_SELECTOR = YES;
				GCC_WARN_UNINITIALIZED_AUTOS = YES_AGGRESSIVE;
				GCC_WARN_UNUSED_FUNCTION = YES;
				GCC_WARN_UNUSED_VARIABLE = YES;
				IPHONEOS_DEPLOYMENT_TARGET = 26.0;
				MTL_ENABLE_DEBUG_INFO = NO;
				MTL_FAST_MATH = YES;
				PRODUCT_NAME = "$(TARGET_NAME)";
				SDKROOT = iphoneos;
				SWIFT_COMPILATION_MODE = wholemodule;
				SWIFT_OPTIMIZATION_LEVEL = "-O";
				SWIFT_VERSION = 5.0;
				TARGETED_DEVICE_FAMILY = 1;
			};
			name = Release;
		};
		2A508F04F81272F892A081AF /* Debug */ = {
			isa = XCBuildConfiguration;
			buildSettings = {
				ALWAYS_SEARCH_USER_PATHS = NO;
				CLANG_ANALYZER_NONNULL = YES;
				CLANG_ANALYZER_NUMBER_OBJECT_CONVERSION = YES_AGGRESSIVE;
				CLANG_CXX_LANGUAGE_STANDARD = "gnu++14";
				CLANG_CXX_LIBRARY = "libc++";
				CLANG_ENABLE_MODULES = YES;
				CLANG_ENABLE_OBJC_ARC = YES;
				CLANG_ENABLE_OBJC_WEAK = YES;
				CLANG_WARN_BLOCK_CAPTURE_AUTORELEASING = YES;
				CLANG_WARN_BOOL_CONVERSION = YES;
				CLANG_WARN_COMMA = YES;
				CLANG_WARN_CONSTANT_CONVERSION = YES;
				CLANG_WARN_DEPRECATED_OBJC_IMPLEMENTATIONS = YES;
				CLANG_WARN_DIRECT_OBJC_ISA_USAGE = YES_ERROR;
				CLANG_WARN_DOCUMENTATION_COMMENTS = YES;
				CLANG_WARN_EMPTY_BODY = YES;
				CLANG_WARN_ENUM_CONVERSION = YES;
				CLANG_WARN_INFINITE_RECURSION = YES;
				CLANG_WARN_INT_CONVERSION = YES;
				CLANG_WARN_NON_LITERAL_NULL_CONVERSION = YES;
				CLANG_WARN_OBJC_IMPLICIT_RETAIN_SELF = YES;
				CLANG_WARN_OBJC_LITERAL_CONVERSION = YES;
				CLANG_WARN_OBJC_ROOT_CLASS = YES_ERROR;
				CLANG_WARN_QUOTED_INCLUDE_IN_FRAMEWORK_HEADER = YES;
				CLANG_WARN_RANGE_LOOP_ANALYSIS = YES;
				CLANG_WARN_STRICT_PROTOTYPES = YES;
				CLANG_WARN_SUSPICIOUS_MOVE = YES;
				CLANG_WARN_UNGUARDED_AVAILABILITY = YES_AGGRESSIVE;
				CLANG_WARN_UNREACHABLE_CODE = YES;
				CLANG_WARN__DUPLICATE_METHOD_MATCH = YES;
				CODE_SIGN_STYLE = Automatic;
				COPY_PHASE_STRIP = NO;
				DEBUG_INFORMATION_FORMAT = dwarf;
				DEVELOPMENT_TEAM = "";
				ENABLE_STRICT_OBJC_MSGSEND = YES;
				ENABLE_TESTABILITY = YES;
				GCC_C_LANGUAGE_STANDARD = gnu11;
				GCC_DYNAMIC_NO_PIC = NO;
				GCC_NO_COMMON_BLOCKS = YES;
				GCC_OPTIMIZATION_LEVEL = 0;
				GCC_PREPROCESSOR_DEFINITIONS = (
					"$(inherited)",
					"DEBUG=1",
				);
				GCC_WARN_64_TO_32_BIT_CONVERSION = YES;
				GCC_WARN_ABOUT_RETURN_TYPE = YES_ERROR;
				GCC_WARN_UNDECLARED_SELECTOR = YES;
				GCC_WARN_UNINITIALIZED_AUTOS = YES_AGGRESSIVE;
				GCC_WARN_UNUSED_FUNCTION = YES;
				GCC_WARN_UNUSED_VARIABLE = YES;
				IPHONEOS_DEPLOYMENT_TARGET = 26.0;
				MTL_ENABLE_DEBUG_INFO = INCLUDE_SOURCE;
				MTL_FAST_MATH = YES;
				ONLY_ACTIVE_ARCH = YES;
				PRODUCT_NAME = "$(TARGET_NAME)";
				SDKROOT = iphoneos;
				SWIFT_ACTIVE_COMPILATION_CONDITIONS = DEBUG;
				SWIFT_OPTIMIZATION_LEVEL = "-Onone";
				SWIFT_VERSION = 5.0;
				TARGETED_DEVICE_FAMILY = 1;
			};
			name = Debug;
		};
		3D682E9EC53A3573A9C4D753 /* Debug */ = {
			isa = XCBuildConfiguration;
			buildSettings = {
				ASSETCATALOG_COMPILER_APPICON_NAME = AppIcon;
				CODE_SIGN_IDENTITY = "iPhone Developer";
				GENERATE_INFOPLIST_FILE = YES;
				INFOPLIST_FILE = Peekaboo/Info.plist;
				LD_RUNPATH_SEARCH_PATHS = (
					"$(inherited)",
					"@executable_path/Frameworks",
				);
				PRODUCT_BUNDLE_IDENTIFIER = com.techadnank9.peekaboo;
				SDKROOT = iphoneos;
				TARGETED_DEVICE_FAMILY = "1,2";
			};
			name = Debug;
		};
/* End XCBuildConfiguration section */

/* Begin XCConfigurationList section */
		52CB82A43147202FC49EEDCD /* Build configuration list for PBXNativeTarget "Peekaboo" */ = {
			isa = XCConfigurationList;
			buildConfigurations = (
				3D682E9EC53A3573A9C4D753 /* Debug */,
				10B9E1AE2D2A9CCA117129CA /* Release */,
			);
			defaultConfigurationIsVisible = 0;
			defaultConfigurationName = Debug;
		};
		5BE5922E080E38F5CE7D8728 /* Build configuration list for PBXProject "Peekaboo" */ = {
			isa = XCConfigurationList;
			buildConfigurations = (
				2A508F04F81272F892A081AF /* Debug */,
				1C4758D12B36CF56D347210E /* Release */,
			);
			defaultConfigurationIsVisible = 0;
			defaultConfigurationName = Debug;
		};
/* End XCConfigurationList section */
	};
	rootObject = 842B28DE37D568A59B1D7FDE /* Project object */;
}
